
Microsoft Visual Studio Solution File, Format Version 12.00
# Visual Studio Version 16
VisualStudioVersion = 16.0.31911.196
MinimumVisualStudioVersion = 10.0.40219.1
Project("{FAE04EC0-301F-11D3-BF4B-00C04F79EFBC}") = "WpfApp2", "WpfApp2\WpfApp2.csproj", "{A40089BB-99BF-4B83-8C69-1C1E06C91AEF}"
EndProject
Global
	GlobalSection(SolutionConfigurationPlatforms) = preSolution
		Debug|Any CPU = Debug|Any CPU
		Release|Any CPU = Release|Any CPU
	EndGlobalSection
	GlobalSection(ProjectConfigurationPlatforms) = postSolution
		{A40089BB-99BF-4B83-8C69-1C1E06C91AEF}.Debug|Any CPU.ActiveCfg = Debug|Any CPU
		{A40089BB-99BF-4B83-8C69-1C1E06C91AEF}.Debug|Any CPU.Build.0 = Debug|Any CPU
		{A40089BB-99BF-4B83-8C69-1C1E06C91AEF}.Release|Any CPU.ActiveCfg = Release|Any CPU
		{A40089BB-99BF-4B83-8C69-1C1E06C91AEF}.Release|Any CPU.Build.0 = Release|Any CPU
	EndGlobalSection
	GlobalSection(SolutionProperties) = preSolution
		HideSolutionNode = FALSE
	EndGlobalSection
	GlobalSection(ExtensibilityGlobals) = postSolution
		SolutionGuid = {257A6ED8-920A-4F3B-84A3-67FA2CDFCF09}
	EndGlobalSection
EndGlobal
